
Microsoft Visual Studio Solution File, Format Version 9.00
# Visual Studio 2005
Project("{059D6162-CD51-11D0-AE1F-00A0C90FFFC3}") = "WorldConstructKit", "WorldConstructKit.dsp", "{CD7FA5C9-2F23-49ED-82E9-4FEBE0EFB098}"
EndProject
Global
	GlobalSection(SolutionProperties) = preSolution
		HideSolutionNode = FALSE
	EndGlobalSection
EndGlobal
